// !$*UTF8*$!
{
	archiveVersion = 1;
	classes = {
	};
	objectVersion = 56;
	objects = {

/* Begin PBXBuildFile section */
		A9FF79BE2A3A1AD1009153E9 /* wrist-win Watch App.app in Embed Watch Content */ = {isa = PBXBuildFile; fileRef = A9FF79BD2A3A1AD1009153E9 /* wrist-win Watch App.app */; settings = {ATTRIBUTES = (RemoveHeadersOnCopy, ); }; };
		A9FF79C32A3A1AD1009153E9 /* wrist_winApp.swift in Sources */ = {isa = PBXBuildFile; fileRef = A9FF79C22A3A1AD1009153E9 /* wrist_winApp.swift */; };
		A9FF79C52A3A1AD1009153E9 /* Home.swift in Sources */ = {isa = PBXBuildFile; fileRef = A9FF79C42A3A1AD1009153E9 /* Home.swift */; };
		A9FF79C72A3A1AD2009153E9 /* Assets.xcassets in Resources */ = {isa = PBXBuildFile; fileRef = A9FF79C62A3A1AD2009153E9 /* Assets.xcassets */; };
		A9FF79CA2A3A1AD2009153E9 /* Preview Assets.xcassets in Resources */ = {isa = PBXBuildFile; fileRef = A9FF79C92A3A1AD2009153E9 /* Preview Assets.xcassets */; };
		A9FF79D52A3A1E1F009153E9 /* ScoreSetting.swift in Sources */ = {isa = PBXBuildFile; fileRef = A9FF79D42A3A1E1F009153E9 /* ScoreSetting.swift */; };
		A9FF79D72A3A1E39009153E9 /* GameMode.swift in Sources */ = {isa = PBXBuildFile; fileRef = A9FF79D62A3A1E39009153E9 /* GameMode.swift */; };
		A9FF79D92A3A1E47009153E9 /* Match.swift in Sources */ = {isa = PBXBuildFile; fileRef = A9FF79D82A3A1E47009153E9 /* Match.swift */; };
		A9FF79DB2A3A1E52009153E9 /* MatchOptions.swift in Sources */ = {isa = PBXBuildFile; fileRef = A9FF79DA2A3A1E52009153E9 /* MatchOptions.swift */; };
		A9FF79DD2A3A37ED009153E9 /* Logic.swift in Sources */ = {isa = PBXBuildFile; fileRef = A9FF79DC2A3A37ED009153E9 /* Logic.swift */; };
/* End PBXBuildFile section */

/* Begin PBXContainerItemProxy section */
		A9FF79BF2A3A1AD1009153E9 /* PBXContainerItemProxy */ = {
			isa = PBXContainerItemProxy;
			containerPortal = A9FF79B12A3A1AD1009153E9 /* Project object */;
			proxyType = 1;
			remoteGlobalIDString = A9FF79BC2A3A1AD1009153E9;
			remoteInfo = "wrist-win Watch App";
		};
/* End PBXContainerItemProxy section */

/* Begin PBXCopyFilesBuildPhase section */
		A9FF79D02A3A1AD2009153E9 /* Embed Watch Content */ = {
			isa = PBXCopyFilesBuildPhase;
			buildActionMask = 2147483647;
			dstPath = "$(CONTENTS_FOLDER_PATH)/Watch";
			dstSubfolderSpec = 16;
			files = (
				A9FF79BE2A3A1AD1009153E9 /* wrist-win Watch App.app in Embed Watch Content */,
			);
			name = "Embed Watch Content";
			runOnlyForDeploymentPostprocessing = 0;
		};
/* End PBXCopyFilesBuildPhase section */

/* Begin PBXFileReference section */
		A9FF79B72A3A1AD1009153E9 /* wrist-win.app */ = {isa = PBXFileReference; explicitFileType = wrapper.application; includeInIndex = 0; path = "wrist-win.app"; sourceTree = BUILT_PRODUCTS_DIR; };
		A9FF79BD2A3A1AD1009153E9 /* wrist-win Watch App.app */ = {isa = PBXFileReference; explicitFileType = wrapper.application; includeInIndex = 0; path = "wrist-win Watch App.app"; sourceTree = BUILT_PRODUCTS_DIR; };
		A9FF79C22A3A1AD1009153E9 /* wrist_winApp.swift */ = {isa = PBXFileReference; lastKnownFileType = sourcecode.swift; path = wrist_winApp.swift; sourceTree = "<group>"; };
		A9FF79C42A3A1AD1009153E9 /* Home.swift */ = {isa = PBXFileReference; lastKnownFileType = sourcecode.swift; path = Home.swift; sourceTree = "<group>"; };
		A9FF79C62A3A1AD2009153E9 /* Assets.xcassets */ = {isa = PBXFileReference; lastKnownFileType = folder.assetcatalog; path = Assets.xcassets; sourceTree = "<group>"; };
		A9FF79C92A3A1AD2009153E9 /* Preview Assets.xcassets */ = {isa = PBXFileReference; lastKnownFileType = folder.assetcatalog; path = "Preview Assets.xcassets"; sourceTree = "<group>"; };
		A9FF79D42A3A1E1F009153E9 /* ScoreSetting.swift */ = {isa = PBXFileReference; lastKnownFileType = sourcecode.swift; path = ScoreSetting.swift; sourceTree = "<group>"; };
		A9FF79D62A3A1E39009153E9 /* GameMode.swift */ = {isa = PBXFileReference; lastKnownFileType = sourcecode.swift; path = GameMode.swift; sourceTree = "<group>"; };
		A9FF79D82A3A1E47009153E9 /* Match.swift */ = {isa = PBXFileReference; lastKnownFileType = sourcecode.swift; path = Match.swift; sourceTree = "<group>"; };
		A9FF79DA2A3A1E52009153E9 /* MatchOptions.swift */ = {isa = PBXFileReference; lastKnownFileType = sourcecode.swift; path = MatchOptions.swift; sourceTree = "<group>"; };
		A9FF79DC2A3A37ED009153E9 /* Logic.swift */ = {isa = PBXFileReference; lastKnownFileType = sourcecode.swift; path = Logic.swift; sourceTree = "<group>"; };
/* End PBXFileReference section */

/* Begin PBXFrameworksBuildPhase section */
		A9FF79BA2A3A1AD1009153E9 /* Frameworks */ = {
			isa = PBXFrameworksBuildPhase;
			buildActionMask = 2147483647;
			files = (
			);
			runOnlyForDeploymentPostprocessing = 0;
		};
/* End PBXFrameworksBuildPhase section */

/* Begin PBXGroup section */
		A9FF79B02A3A1AD1009153E9 = {
			isa = PBXGroup;
			children = (
				A9FF79C12A3A1AD1009153E9 /* wrist-win Watch App */,
				A9FF79B82A3A1AD1009153E9 /* Products */,
			);
			sourceTree = "<group>";
		};
		A9FF79B82A3A1AD1009153E9 /* Products */ = {
			isa = PBXGroup;
			children = (
				A9FF79B72A3A1AD1009153E9 /* wrist-win.app */,
				A9FF79BD2A3A1AD1009153E9 /* wrist-win Watch App.app */,
			);
			name = Products;
			sourceTree = "<group>";
		};
		A9FF79C12A3A1AD1009153E9 /* wrist-win Watch App */ = {
			isa = PBXGroup;
			children = (
				A9FF79C22A3A1AD1009153E9 /* wrist_winApp.swift */,
				A9FF79C42A3A1AD1009153E9 /* Home.swift */,
				A9FF79D42A3A1E1F009153E9 /* ScoreSetting.swift */,
				A9FF79D62A3A1E39009153E9 /* GameMode.swift */,
				A9FF79D82A3A1E47009153E9 /* Match.swift */,
				A9FF79DA2A3A1E52009153E9 /* MatchOptions.swift */,
				A9FF79DC2A3A37ED009153E9 /* Logic.swift */,
				A9FF79C62A3A1AD2009153E9 /* Assets.xcassets */,
				A9FF79C82A3A1AD2009153E9 /* Preview Content */,
			);
			path = "wrist-win Watch App";
			sourceTree = "<group>";
		};
		A9FF79C82A3A1AD2009153E9 /* Preview Content */ = {
			isa = PBXGroup;
			children = (
				A9FF79C92A3A1AD2009153E9 /* Preview Assets.xcassets */,
			);
			path = "Preview Content";
			sourceTree = "<group>";
		};
/* End PBXGroup section */

/* Begin PBXNativeTarget section */
		A9FF79B62A3A1AD1009153E9 /* wrist-win */ = {
			isa = PBXNativeTarget;
			buildConfigurationList = A9FF79D12A3A1AD2009153E9 /* Build configuration list for PBXNativeTarget "wrist-win" */;
			buildPhases = (
				A9FF79B52A3A1AD1009153E9 /* Resources */,
				A9FF79D02A3A1AD2009153E9 /* Embed Watch Content */,
			);
			buildRules = (
			);
			dependencies = (
				A9FF79C02A3A1AD1009153E9 /* PBXTargetDependency */,
			);
			name = "wrist-win";
			productName = "wrist-win";
			productReference = A9FF79B72A3A1AD1009153E9 /* wrist-win.app */;
			productType = "com.apple.product-type.application.watchapp2-container";
		};
		A9FF79BC2A3A1AD1009153E9 /* wrist-win Watch App */ = {
			isa = PBXNativeTarget;
			buildConfigurationList = A9FF79CD2A3A1AD2009153E9 /* Build configuration list for PBXNativeTarget "wrist-win Watch App" */;
			buildPhases = (
				A9FF79B92A3A1AD1009153E9 /* Sources */,
				A9FF79BA2A3A1AD1009153E9 /* Frameworks */,
				A9FF79BB2A3A1AD1009153E9 /* Resources */,
			);
			buildRules = (
			);
			dependencies = (
			);
			name = "wrist-win Watch App";
			productName = "wrist-win Watch App";
			productReference = A9FF79BD2A3A1AD1009153E9 /* wrist-win Watch App.app */;
			productType = "com.apple.product-type.application";
		};
/* End PBXNativeTarget section */

/* Begin PBXProject section */
		A9FF79B12A3A1AD1009153E9 /* Project object */ = {
			isa = PBXProject;
			attributes = {
				BuildIndependentTargetsInParallel = 1;
				LastSwiftUpdateCheck = 1430;
				LastUpgradeCheck = 1430;
				TargetAttributes = {
					A9FF79B62A3A1AD1009153E9 = {
						CreatedOnToolsVersion = 14.3.1;
					};
					A9FF79BC2A3A1AD1009153E9 = {
						CreatedOnToolsVersion = 14.3.1;
					};
				};
			};
			buildConfigurationList = A9FF79B42A3A1AD1009153E9 /* Build configuration list for PBXProject "wrist-win" */;
			compatibilityVersion = "Xcode 14.0";
			developmentRegion = en;
			hasScannedForEncodings = 0;
			knownRegions = (
				en,
				Base,
			);
			mainGroup = A9FF79B02A3A1AD1009153E9;
			productRefGroup = A9FF79B82A3A1AD1009153E9 /* Products */;
			projectDirPath = "";
			projectRoot = "";
			targets = (
				A9FF79B62A3A1AD1009153E9 /* wrist-win */,
				A9FF79BC2A3A1AD1009153E9 /* wrist-win Watch App */,
			);
		};
/* End PBXProject section */

/* Begin PBXResourcesBuildPhase section */
		A9FF79B52A3A1AD1009153E9 /* Resources */ = {
			isa = PBXResourcesBuildPhase;
			buildActionMask = 2147483647;
			files = (
			);
			runOnlyForDeploymentPostprocessing = 0;
		};
		A9FF79BB2A3A1AD1009153E9 /* Resources */ = {
			isa = PBXResourcesBuildPhase;
			buildActionMask = 2147483647;
			files = (
				A9FF79CA2A3A1AD2009153E9 /* Preview Assets.xcassets in Resources */,
				A9FF79C72A3A1AD2009153E9 /* Assets.xcassets in Resources */,
			);
			runOnlyForDeploymentPostprocessing = 0;
		};
/* End PBXResourcesBuildPhase section */

/* Begin PBXSourcesBuildPhase section */
		A9FF79B92A3A1AD1009153E9 /* Sources */ = {
			isa = PBXSourcesBuildPhase;
			buildActionMask = 2147483647;
			files = (
				A9FF79DB2A3A1E52009153E9 /* MatchOptions.swift in Sources */,
				A9FF79D72A3A1E39009153E9 /* GameMode.swift in Sources */,
				A9FF79D52A3A1E1F009153E9 /* ScoreSetting.swift in Sources */,
				A9FF79DD2A3A37ED009153E9 /* Logic.swift in Sources */,
				A9FF79C52A3A1AD1009153E9 /* Home.swift in Sources */,
				A9FF79D92A3A1E47009153E9 /* Match.swift in Sources */,
				A9FF79C32A3A1AD1009153E9 /* wrist_winApp.swift in Sources */,
			);
			runOnlyForDeploymentPostprocessing = 0;
		};
/* End PBXSourcesBuildPhase section */

/* Begin PBXTargetDependency section */
		A9FF79C02A3A1AD1009153E9 /* PBXTargetDependency */ = {
			isa = PBXTargetDependency;
			target = A9FF79BC2A3A1AD1009153E9 /* wrist-win Watch App */;
			targetProxy = A9FF79BF2A3A1AD1009153E9 /* PBXContainerItemProxy */;
		};
/* End PBXTargetDependency section */

/* Begin XCBuildConfiguration section */
		A9FF79CB2A3A1AD2009153E9 /* Debug */ = {
			isa = XCBuildConfiguration;
			buildSettings = {
				ALWAYS_SEARCH_USER_PATHS = NO;
				CLANG_ANALYZER_NONNULL = YES;
				CLANG_ANALYZER_NUMBER_OBJECT_CONVERSION = YES_AGGRESSIVE;
				CLANG_CXX_LANGUAGE_STANDARD = "gnu++20";
				CLANG_ENABLE_MODULES = YES;
				CLANG_ENABLE_OBJC_ARC = YES;
				CLANG_ENABLE_OBJC_WEAK = YES;
				CLANG_WARN_BLOCK_CAPTURE_AUTORELEASING = YES;
				CLANG_WARN_BOOL_CONVERSION = YES;
				CLANG_WARN_COMMA = YES;
				CLANG_WARN_CONSTANT_CONVERSION = YES;
				CLANG_WARN_DEPRECATED_OBJC_IMPLEMENTATIONS = YES;
				CLANG_WARN_DIRECT_OBJC_ISA_USAGE = YES_ERROR;
				CLANG_WARN_DOCUMENTATION_COMMENTS = YES;
				CLANG_WARN_EMPTY_BODY = YES;
				CLANG_WARN_ENUM_CONVERSION = YES;
				CLANG_WARN_INFINITE_RECURSION = YES;
				CLANG_WARN_INT_CONVERSION = YES;
				CLANG_WARN_NON_LITERAL_NULL_CONVERSION = YES;
				CLANG_WARN_OBJC_IMPLICIT_RETAIN_SELF = YES;
				CLANG_WARN_OBJC_LITERAL_CONVERSION = YES;
				CLANG_WARN_OBJC_ROOT_CLASS = YES_ERROR;
				CLANG_WARN_QUOTED_INCLUDE_IN_FRAMEWORK_HEADER = YES;
				CLANG_WARN_RANGE_LOOP_ANALYSIS = YES;
				CLANG_WARN_STRICT_PROTOTYPES = YES;
				CLANG_WARN_SUSPICIOUS_MOVE = YES;
				CLANG_WARN_UNGUARDED_AVAILABILITY = YES_AGGRESSIVE;
				CLANG_WARN_UNREACHABLE_CODE = YES;
				CLANG_WARN__DUPLICATE_METHOD_MATCH = YES;
				COPY_PHASE_STRIP = NO;
				DEBUG_INFORMATION_FORMAT = dwarf;
				ENABLE_STRICT_OBJC_MSGSEND = YES;
				ENABLE_TESTABILITY = YES;
				GCC_C_LANGUAGE_STANDARD = gnu11;
				GCC_DYNAMIC_NO_PIC = NO;
				GCC_NO_COMMON_BLOCKS = YES;
				GCC_OPTIMIZATION_LEVEL = 0;
				GCC_PREPROCESSOR_DEFINITIONS = (
					"DEBUG=1",
					"$(inherited)",
				);
				GCC_WARN_64_TO_32_BIT_CONVERSION = YES;
				GCC_WARN_ABOUT_RETURN_TYPE = YES_ERROR;
				GCC_WARN_UNDECLARED_SELECTOR = YES;
				GCC_WARN_UNINITIALIZED_AUTOS = YES_AGGRESSIVE;
				GCC_WARN_UNUSED_FUNCTION = YES;
				GCC_WARN_UNUSED_VARIABLE = YES;
				MTL_ENABLE_DEBUG_INFO = INCLUDE_SOURCE;
				MTL_FAST_MATH = YES;
				ONLY_ACTIVE_ARCH = YES;
				SWIFT_ACTIVE_COMPILATION_CONDITIONS = DEBUG;
				SWIFT_OPTIMIZATION_LEVEL = "-Onone";
			};
			name = Debug;
		};
		A9FF79CC2A3A1AD2009153E9 /* Release */ = {
			isa = XCBuildConfiguration;
			buildSettings = {
				ALWAYS_SEARCH_USER_PATHS = NO;
				CLANG_ANALYZER_NONNULL = YES;
				CLANG_ANALYZER_NUMBER_OBJECT_CONVERSION = YES_AGGRESSIVE;
				CLANG_CXX_LANGUAGE_STANDARD = "gnu++20";
				CLANG_ENABLE_MODULES = YES;
				CLANG_ENABLE_OBJC_ARC = YES;
				CLANG_ENABLE_OBJC_WEAK = YES;
				CLANG_WARN_BLOCK_CAPTURE_AUTORELEASING = YES;
				CLANG_WARN_BOOL_CONVERSION = YES;
				CLANG_WARN_COMMA = YES;
				CLANG_WARN_CONSTANT_CONVERSION = YES;
				CLANG_WARN_DEPRECATED_OBJC_IMPLEMENTATIONS = YES;
				CLANG_WARN_DIRECT_OBJC_ISA_USAGE = YES_ERROR;
				CLANG_WARN_DOCUMENTATION_COMMENTS = YES;
				CLANG_WARN_EMPTY_BODY = YES;
				CLANG_WARN_ENUM_CONVERSION = YES;
				CLANG_WARN_INFINITE_RECURSION = YES;
				CLANG_WARN_INT_CONVERSION = YES;
				CLANG_WARN_NON_LITERAL_NULL_CONVERSION = YES;
				CLANG_WARN_OBJC_IMPLICIT_RETAIN_SELF = YES;
				CLANG_WARN_OBJC_LITERAL_CONVERSION = YES;
				CLANG_WARN_OBJC_ROOT_CLASS = YES_ERROR;
				CLANG_WARN_QUOTED_INCLUDE_IN_FRAMEWORK_HEADER = YES;
				CLANG_WARN_RANGE_LOOP_ANALYSIS = YES;
				CLANG_WARN_STRICT_PROTOTYPES = YES;
				CLANG_WARN_SUSPICIOUS_MOVE = YES;
				CLANG_WARN_UNGUARDED_AVAILABILITY = YES_AGGRESSIVE;
				CLANG_WARN_UNREACHABLE_CODE = YES;
				CLANG_WARN__DUPLICATE_METHOD_MATCH = YES;
				COPY_PHASE_STRIP = NO;
				DEBUG_INFORMATION_FORMAT = "dwarf-with-dsym";
				ENABLE_NS_ASSERTIONS = NO;
				ENABLE_STRICT_OBJC_MSGSEND = YES;
				GCC_C_LANGUAGE_STANDARD = gnu11;
				GCC_NO_COMMON_BLOCKS = YES;
				GCC_WARN_64_TO_32_BIT_CONVERSION = YES;
				GCC_WARN_ABOUT_RETURN_TYPE = YES_ERROR;
				GCC_WARN_UNDECLARED_SELECTOR = YES;
				GCC_WARN_UNINITIALIZED_AUTOS = YES_AGGRESSIVE;
				GCC_WARN_UNUSED_FUNCTION = YES;
				GCC_WARN_UNUSED_VARIABLE = YES;
				MTL_ENABLE_DEBUG_INFO = NO;
				MTL_FAST_MATH = YES;
				SWIFT_COMPILATION_MODE = wholemodule;
				SWIFT_OPTIMIZATION_LEVEL = "-O";
			};
			name = Release;
		};
		A9FF79CE2A3A1AD2009153E9 /* Debug */ = {
			isa = XCBuildConfiguration;
			buildSettings = {
				ASSETCATALOG_COMPILER_APPICON_NAME = AppIcon;
				ASSETCATALOG_COMPILER_GLOBAL_ACCENT_COLOR_NAME = AccentColor;
				CODE_SIGN_STYLE = Automatic;
				CURRENT_PROJECT_VERSION = 1;
				DEVELOPMENT_ASSET_PATHS = "\"wrist-win Watch App/Preview Content\"";
				DEVELOPMENT_TEAM = B4X64NV4S2;
				ENABLE_PREVIEWS = YES;
				GENERATE_INFOPLIST_FILE = YES;
				INFOPLIST_KEY_CFBundleDisplayName = "wrist-win";
				INFOPLIST_KEY_UISupportedInterfaceOrientations = "UIInterfaceOrientationPortrait UIInterfaceOrientationPortraitUpsideDown";
				INFOPLIST_KEY_WKWatchOnly = YES;
				LD_RUNPATH_SEARCH_PATHS = (
					"$(inherited)",
					"@executable_path/Frameworks",
				);
				MARKETING_VERSION = 1.0;
				PRODUCT_BUNDLE_IDENTIFIER = "com.douven.wrist-win.watchkitapp";
				PRODUCT_NAME = "$(TARGET_NAME)";
				SDKROOT = watchos;
				SKIP_INSTALL = YES;
				SWIFT_EMIT_LOC_STRINGS = YES;
				SWIFT_VERSION = 5.0;
				TARGETED_DEVICE_FAMILY = 4;
				WATCHOS_DEPLOYMENT_TARGET = 9.4;
			};
			name = Debug;
		};
		A9FF79CF2A3A1AD2009153E9 /* Release */ = {
			isa = XCBuildConfiguration;
			buildSettings = {
				ASSETCATALOG_COMPILER_APPICON_NAME = AppIcon;
				ASSETCATALOG_COMPILER_GLOBAL_ACCENT_COLOR_NAME = AccentColor;
				CODE_SIGN_STYLE = Automatic;
				CURRENT_PROJECT_VERSION = 1;
				DEVELOPMENT_ASSET_PATHS = "\"wrist-win Watch App/Preview Content\"";
				DEVELOPMENT_TEAM = B4X64NV4S2;
				ENABLE_PREVIEWS = YES;
				GENERATE_INFOPLIST_FILE = YES;
				INFOPLIST_KEY_CFBundleDisplayName = "wrist-win";
				INFOPLIST_KEY_UISupportedInterfaceOrientations = "UIInterfaceOrientationPortrait UIInterfaceOrientationPortraitUpsideDown";
				INFOPLIST_KEY_WKWatchOnly = YES;
				LD_RUNPATH_SEARCH_PATHS = (
					"$(inherited)",
					"@executable_path/Frameworks",
				);
				MARKETING_VERSION = 1.0;
				PRODUCT_BUNDLE_IDENTIFIER = "com.douven.wrist-win.watchkitapp";
				PRODUCT_NAME = "$(TARGET_NAME)";
				SDKROOT = watchos;
				SKIP_INSTALL = YES;
				SWIFT_EMIT_LOC_STRINGS = YES;
				SWIFT_VERSION = 5.0;
				TARGETED_DEVICE_FAMILY = 4;
				VALIDATE_PRODUCT = YES;
				WATCHOS_DEPLOYMENT_TARGET = 9.4;
			};
			name = Release;
		};
		A9FF79D22A3A1AD2009153E9 /* Debug */ = {
			isa = XCBuildConfiguration;
			buildSettings = {
				ALWAYS_EMBED_SWIFT_STANDARD_LIBRARIES = YES;
				CODE_SIGN_STYLE = Automatic;
				CURRENT_PROJECT_VERSION = 1;
				DEVELOPMENT_TEAM = B4X64NV4S2;
				INFOPLIST_KEY_CFBundleDisplayName = "wrist-win";
				MARKETING_VERSION = 1.0;
				PRODUCT_BUNDLE_IDENTIFIER = "com.douven.wrist-win";
				PRODUCT_NAME = "$(TARGET_NAME)";
				SDKROOT = iphoneos;
				SWIFT_VERSION = 5.0;
			};
			name = Debug;
		};
		A9FF79D32A3A1AD2009153E9 /* Release */ = {
			isa = XCBuildConfiguration;
			buildSettings = {
				ALWAYS_EMBED_SWIFT_STANDARD_LIBRARIES = YES;
				CODE_SIGN_STYLE = Automatic;
				CURRENT_PROJECT_VERSION = 1;
				DEVELOPMENT_TEAM = B4X64NV4S2;
				INFOPLIST_KEY_CFBundleDisplayName = "wrist-win";
				MARKETING_VERSION = 1.0;
				PRODUCT_BUNDLE_IDENTIFIER = "com.douven.wrist-win";
				PRODUCT_NAME = "$(TARGET_NAME)";
				SDKROOT = iphoneos;
				SWIFT_VERSION = 5.0;
				VALIDATE_PRODUCT = YES;
			};
			name = Release;
		};
/* End XCBuildConfiguration section */

/* Begin XCConfigurationList section */
		A9FF79B42A3A1AD1009153E9 /* Build configuration list for PBXProject "wrist-win" */ = {
			isa = XCConfigurationList;
			buildConfigurations = (
				A9FF79CB2A3A1AD2009153E9 /* Debug */,
				A9FF79CC2A3A1AD2009153E9 /* Release */,
			);
			defaultConfigurationIsVisible = 0;
			defaultConfigurationName = Release;
		};
		A9FF79CD2A3A1AD2009153E9 /* Build configuration list for PBXNativeTarget "wrist-win Watch App" */ = {
			isa = XCConfigurationList;
			buildConfigurations = (
				A9FF79CE2A3A1AD2009153E9 /* Debug */,
				A9FF79CF2A3A1AD2009153E9 /* Release */,
			);
			defaultConfigurationIsVisible = 0;
			defaultConfigurationName = Release;
		};
		A9FF79D12A3A1AD2009153E9 /* Build configuration list for PBXNativeTarget "wrist-win" */ = {
			isa = XCConfigurationList;
			buildConfigurations = (
				A9FF79D22A3A1AD2009153E9 /* Debug */,
				A9FF79D32A3A1AD2009153E9 /* Release */,
			);
			defaultConfigurationIsVisible = 0;
			defaultConfigurationName = Release;
		};
/* End XCConfigurationList section */
	};
	rootObject = A9FF79B12A3A1AD1009153E9 /* Project object */;
}
